
Microsoft Visual Studio Solution File, Format Version 12.00
# Visual Studio Version 16
VisualStudioVersion = 16.0.31727.386
MinimumVisualStudioVersion = 10.0.40219.1
Project("{FAE04EC0-301F-11D3-BF4B-00C04F79EFBC}") = "WinFormsApp1", "WinFormsApp1.csproj", "{18CC134C-43C2-4042-B4A0-73DCF7BB487F}"
EndProject
Global
	GlobalSection(SolutionConfigurationPlatforms) = preSolution
		Debug|Any CPU = Debug|Any CPU
		Release|Any CPU = Release|Any CPU
	EndGlobalSection
	GlobalSection(ProjectConfigurationPlatforms) = postSolution
		{18CC134C-43C2-4042-B4A0-73DCF7BB487F}.Debug|Any CPU.ActiveCfg = Debug|Any CPU
		{18CC134C-43C2-4042-B4A0-73DCF7BB487F}.Debug|Any CPU.Build.0 = Debug|Any CPU
		{18CC134C-43C2-4042-B4A0-73DCF7BB487F}.Release|Any CPU.ActiveCfg = Release|Any CPU
		{18CC134C-43C2-4042-B4A0-73DCF7BB487F}.Release|Any CPU.Build.0 = Release|Any CPU
	EndGlobalSection
	GlobalSection(SolutionProperties) = preSolution
		HideSolutionNode = FALSE
	EndGlobalSection
	GlobalSection(ExtensibilityGlobals) = postSolution
		SolutionGuid = {DEB29592-8F24-40A8-8571-FBD2C0975A3D}
	EndGlobalSection
EndGlobal
